
Microsoft Visual Studio Solution File, Format Version 12.00
# Visual Studio Version 16
VisualStudioVersion = 16.0.29609.76
MinimumVisualStudioVersion = 10.0.40219.1
Project("{9A19103F-16F7-4668-BE54-9A1E7A4F7556}") = "IPDSWebAPI", "IPDSWebAPI\IPDSWebAPI.csproj", "{E0688B2C-D4CF-4B9D-89E6-D532B0F6940A}"
EndProject
Project("{FAE04EC0-301F-11D3-BF4B-00C04F79EFBC}") = "IPDSWebUI", "IPDSWebUI\IPDSWebUI.csproj", "{98A9A1C8-8BE2-48B7-8837-C15F3FE1E039}"
EndProject
Global
	GlobalSection(SolutionConfigurationPlatforms) = preSolution
		Debug|Any CPU = Debug|Any CPU
		Release|Any CPU = Release|Any CPU
	EndGlobalSection
	GlobalSection(ProjectConfigurationPlatforms) = postSolution
		{E0688B2C-D4CF-4B9D-89E6-D532B0F6940A}.Debug|Any CPU.ActiveCfg = Debug|Any CPU
		{E0688B2C-D4CF-4B9D-89E6-D532B0F6940A}.Debug|Any CPU.Build.0 = Debug|Any CPU
		{E0688B2C-D4CF-4B9D-89E6-D532B0F6940A}.Release|Any CPU.ActiveCfg = Release|Any CPU
		{E0688B2C-D4CF-4B9D-89E6-D532B0F6940A}.Release|Any CPU.Build.0 = Release|Any CPU
		{98A9A1C8-8BE2-48B7-8837-C15F3FE1E039}.Debug|Any CPU.ActiveCfg = Debug|Any CPU
		{98A9A1C8-8BE2-48B7-8837-C15F3FE1E039}.Debug|Any CPU.Build.0 = Debug|Any CPU
		{98A9A1C8-8BE2-48B7-8837-C15F3FE1E039}.Release|Any CPU.ActiveCfg = Release|Any CPU
		{98A9A1C8-8BE2-48B7-8837-C15F3FE1E039}.Release|Any CPU.Build.0 = Release|Any CPU
	EndGlobalSection
	GlobalSection(SolutionProperties) = preSolution
		HideSolutionNode = FALSE
	EndGlobalSection
	GlobalSection(ExtensibilityGlobals) = postSolution
		SolutionGuid = {41390CF5-8B56-4965-8544-DC5852C4937B}
	EndGlobalSection
EndGlobal
